
Microsoft Visual Studio Solution File, Format Version 12.00
# Visual Studio Version 16
VisualStudioVersion = 16.0.29519.181
MinimumVisualStudioVersion = 10.0.40219.1
Project("{FAE04EC0-301F-11D3-BF4B-00C04F79EFBC}") = "WinFormApp", "WinFormApp.csproj", "{034D548C-5A08-4FDF-9091-6D02A04AD3ED}"
EndProject
Global
	GlobalSection(SolutionConfigurationPlatforms) = preSolution
		Debug|Any CPU = Debug|Any CPU
		Release|Any CPU = Release|Any CPU
	EndGlobalSection
	GlobalSection(ProjectConfigurationPlatforms) = postSolution
		{034D548C-5A08-4FDF-9091-6D02A04AD3ED}.Debug|Any CPU.ActiveCfg = Debug|Any CPU
		{034D548C-5A08-4FDF-9091-6D02A04AD3ED}.Debug|Any CPU.Build.0 = Debug|Any CPU
		{034D548C-5A08-4FDF-9091-6D02A04AD3ED}.Release|Any CPU.ActiveCfg = Release|Any CPU
		{034D548C-5A08-4FDF-9091-6D02A04AD3ED}.Release|Any CPU.Build.0 = Release|Any CPU
	EndGlobalSection
	GlobalSection(SolutionProperties) = preSolution
		HideSolutionNode = FALSE
	EndGlobalSection
	GlobalSection(ExtensibilityGlobals) = postSolution
		SolutionGuid = {F1F3115C-F78F-463D-BBA4-598A477F38AD}
	EndGlobalSection
EndGlobal
